// !$*UTF8*$!
{
	archiveVersion = 1;
	classes = {
	};
	objectVersion = 46;
	objects = {

/* Begin PBXBuildFile section */
		F2A023941C2DC85C002634D1 /* AppDelegate.swift in Sources */ = {isa = PBXBuildFile; fileRef = F2A023931C2DC85C002634D1 /* AppDelegate.swift */; };
		F2A023961C2DC85C002634D1 /* ViewController.swift in Sources */ = {isa = PBXBuildFile; fileRef = F2A023951C2DC85C002634D1 /* ViewController.swift */; };
		F2A023991C2DC85C002634D1 /* Main.storyboard in Resources */ = {isa = PBXBuildFile; fileRef = F2A023971C2DC85C002634D1 /* Main.storyboard */; };
		F2A0239B1C2DC85C002634D1 /* Assets.xcassets in Resources */ = {isa = PBXBuildFile; fileRef = F2A0239A1C2DC85C002634D1 /* Assets.xcassets */; };
		F2A0239E1C2DC85C002634D1 /* LaunchScreen.storyboard in Resources */ = {isa = PBXBuildFile; fileRef = F2A0239C1C2DC85C002634D1 /* LaunchScreen.storyboard */; };
		F2A023A91C2DC85C002634D1 /* RetroCalculatorTests.swift in Sources */ = {isa = PBXBuildFile; fileRef = F2A023A81C2DC85C002634D1 /* RetroCalculatorTests.swift */; };
		F2A023B41C2DC85C002634D1 /* RetroCalculatorUITests.swift in Sources */ = {isa = PBXBuildFile; fileRef = F2A023B31C2DC85C002634D1 /* RetroCalculatorUITests.swift */; };
/* End PBXBuildFile section */

/* Begin PBXContainerItemProxy section */
		F2A023A51C2DC85C002634D1 /* PBXContainerItemProxy */ = {
			isa = PBXContainerItemProxy;
			containerPortal = F2A023881C2DC85C002634D1 /* Project object */;
			proxyType = 1;
			remoteGlobalIDString = F2A0238F1C2DC85C002634D1;
			remoteInfo = RetroCalculator;
		};
		F2A023B01C2DC85C002634D1 /* PBXContainerItemProxy */ = {
			isa = PBXContainerItemProxy;
			containerPortal = F2A023881C2DC85C002634D1 /* Project object */;
			proxyType = 1;
			remoteGlobalIDString = F2A0238F1C2DC85C002634D1;
			remoteInfo = RetroCalculator;
		};
/* End PBXContainerItemProxy section */

/* Begin PBXFileReference section */
		F2A023901C2DC85C002634D1 /* RetroCalculator.app */ = {isa = PBXFileReference; explicitFileType = wrapper.application; includeInIndex = 0; path = RetroCalculator.app; sourceTree = BUILT_PRODUCTS_DIR; };
		F2A023931C2DC85C002634D1 /* AppDelegate.swift */ = {isa = PBXFileReference; lastKnownFileType = sourcecode.swift; path = AppDelegate.swift; sourceTree = "<group>"; };
		F2A023951C2DC85C002634D1 /* ViewController.swift */ = {isa = PBXFileReference; lastKnownFileType = sourcecode.swift; path = ViewController.swift; sourceTree = "<group>"; };
		F2A023981C2DC85C002634D1 /* Base */ = {isa = PBXFileReference; lastKnownFileType = file.storyboard; name = Base; path = Base.lproj/Main.storyboard; sourceTree = "<group>"; };
		F2A0239A1C2DC85C002634D1 /* Assets.xcassets */ = {isa = PBXFileReference; lastKnownFileType = folder.assetcatalog; path = Assets.xcassets; sourceTree = "<group>"; };
		F2A0239D1C2DC85C002634D1 /* Base */ = {isa = PBXFileReference; lastKnownFileType = file.storyboard; name = Base; path = Base.lproj/LaunchScreen.storyboard; sourceTree = "<group>"; };
		F2A0239F1C2DC85C002634D1 /* Info.plist */ = {isa = PBXFileReference; lastKnownFileType = text.plist.xml; path = Info.plist; sourceTree = "<group>"; };
		F2A023A41C2DC85C002634D1 /* RetroCalculatorTests.xctest */ = {isa = PBXFileReference; explicitFileType = wrapper.cfbundle; includeInIndex = 0; path = RetroCalculatorTests.xctest; sourceTree = BUILT_PRODUCTS_DIR; };
		F2A023A81C2DC85C002634D1 /* RetroCalculatorTests.swift */ = {isa = PBXFileReference; lastKnownFileType = sourcecode.swift; path = RetroCalculatorTests.swift; sourceTree = "<group>"; };
		F2A023AA1C2DC85C002634D1 /* Info.plist */ = {isa = PBXFileReference; lastKnownFileType = text.plist.xml; path = Info.plist; sourceTree = "<group>"; };
		F2A023AF1C2DC85C002634D1 /* RetroCalculatorUITests.xctest */ = {isa = PBXFileReference; explicitFileType = wrapper.cfbundle; includeInIndex = 0; path = RetroCalculatorUITests.xctest; sourceTree = BUILT_PRODUCTS_DIR; };
		F2A023B31C2DC85C002634D1 /* RetroCalculatorUITests.swift */ = {isa = PBXFileReference; lastKnownFileType = sourcecode.swift; path = RetroCalculatorUITests.swift; sourceTree = "<group>"; };
		F2A023B51C2DC85C002634D1 /* Info.plist */ = {isa = PBXFileReference; lastKnownFileType = text.plist.xml; path = Info.plist; sourceTree = "<group>"; };
/* End PBXFileReference section */

/* Begin PBXFrameworksBuildPhase section */
		F2A0238D1C2DC85C002634D1 /* Frameworks */ = {
			isa = PBXFrameworksBuildPhase;
			buildActionMask = 2147483647;
			files = (
			);
			runOnlyForDeploymentPostprocessing = 0;
		};
		F2A023A11C2DC85C002634D1 /* Frameworks */ = {
			isa = PBXFrameworksBuildPhase;
			buildActionMask = 2147483647;
			files = (
			);
			runOnlyForDeploymentPostprocessing = 0;
		};
		F2A023AC1C2DC85C002634D1 /* Frameworks */ = {
			isa = PBXFrameworksBuildPhase;
			buildActionMask = 2147483647;
			files = (
			);
			runOnlyForDeploymentPostprocessing = 0;
		};
/* End PBXFrameworksBuildPhase section */

/* Begin PBXGroup section */
		F2A023871C2DC85C002634D1 = {
			isa = PBXGroup;
			children = (
				F2A023921C2DC85C002634D1 /* RetroCalculator */,
				F2A023A71C2DC85C002634D1 /* RetroCalculatorTests */,
				F2A023B21C2DC85C002634D1 /* RetroCalculatorUITests */,
				F2A023911C2DC85C002634D1 /* Products */,
			);
			sourceTree = "<group>";
		};
		F2A023911C2DC85C002634D1 /* Products */ = {
			isa = PBXGroup;
			children = (
				F2A023901C2DC85C002634D1 /* RetroCalculator.app */,
				F2A023A41C2DC85C002634D1 /* RetroCalculatorTests.xctest */,
				F2A023AF1C2DC85C002634D1 /* RetroCalculatorUITests.xctest */,
			);
			name = Products;
			sourceTree = "<group>";
		};
		F2A023921C2DC85C002634D1 /* RetroCalculator */ = {
			isa = PBXGroup;
			children = (
				F2A023931C2DC85C002634D1 /* AppDelegate.swift */,
				F2A023951C2DC85C002634D1 /* ViewController.swift */,
				F2A023971C2DC85C002634D1 /* Main.storyboard */,
				F2A0239A1C2DC85C002634D1 /* Assets.xcassets */,
				F2A0239C1C2DC85C002634D1 /* LaunchScreen.storyboard */,
				F2A0239F1C2DC85C002634D1 /* Info.plist */,
			);
			path = RetroCalculator;
			sourceTree = "<group>";
		};
		F2A023A71C2DC85C002634D1 /* RetroCalculatorTests */ = {
			isa = PBXGroup;
			children = (
				F2A023A81C2DC85C002634D1 /* RetroCalculatorTests.swift */,
				F2A023AA1C2DC85C002634D1 /* Info.plist */,
			);
			path = RetroCalculatorTests;
			sourceTree = "<group>";
		};
		F2A023B21C2DC85C002634D1 /* RetroCalculatorUITests */ = {
			isa = PBXGroup;
			children = (
				F2A023B31C2DC85C002634D1 /* RetroCalculatorUITests.swift */,
				F2A023B51C2DC85C002634D1 /* Info.plist */,
			);
			path = RetroCalculatorUITests;
			sourceTree = "<group>";
		};
/* End PBXGroup section */

/* Begin PBXNativeTarget section */
		F2A0238F1C2DC85C002634D1 /* RetroCalculator */ = {
			isa = PBXNativeTarget;
			buildConfigurationList = F2A023B81C2DC85C002634D1 /* Build configuration list for PBXNativeTarget "RetroCalculator" */;
			buildPhases = (
				F2A0238C1C2DC85C002634D1 /* Sources */,
				F2A0238D1C2DC85C002634D1 /* Frameworks */,
				F2A0238E1C2DC85C002634D1 /* Resources */,
			);
			buildRules = (
			);
			dependencies = (
			);
			name = RetroCalculator;
			productName = RetroCalculator;
			productReference = F2A023901C2DC85C002634D1 /* RetroCalculator.app */;
			productType = "com.apple.product-type.application";
		};
		F2A023A31C2DC85C002634D1 /* RetroCalculatorTests */ = {
			isa = PBXNativeTarget;
			buildConfigurationList = F2A023BB1C2DC85C002634D1 /* Build configuration list for PBXNativeTarget "RetroCalculatorTests" */;
			buildPhases = (
				F2A023A01C2DC85C002634D1 /* Sources */,
				F2A023A11C2DC85C002634D1 /* Frameworks */,
				F2A023A21C2DC85C002634D1 /* Resources */,
			);
			buildRules = (
			);
			dependencies = (
				F2A023A61C2DC85C002634D1 /* PBXTargetDependency */,
			);
			name = RetroCalculatorTests;
			productName = RetroCalculatorTests;
			productReference = F2A023A41C2DC85C002634D1 /* RetroCalculatorTests.xctest */;
			productType = "com.apple.product-type.bundle.unit-test";
		};
		F2A023AE1C2DC85C002634D1 /* RetroCalculatorUITests */ = {
			isa = PBXNativeTarget;
			buildConfigurationList = F2A023BE1C2DC85C002634D1 /* Build configuration list for PBXNativeTarget "RetroCalculatorUITests" */;
			buildPhases = (
				F2A023AB1C2DC85C002634D1 /* Sources */,
				F2A023AC1C2DC85C002634D1 /* Frameworks */,
				F2A023AD1C2DC85C002634D1 /* Resources */,
			);
			buildRules = (
			);
			dependencies = (
				F2A023B11C2DC85C002634D1 /* PBXTargetDependency */,
			);
			name = RetroCalculatorUITests;
			productName = RetroCalculatorUITests;
			productReference = F2A023AF1C2DC85C002634D1 /* RetroCalculatorUITests.xctest */;
			productType = "com.apple.product-type.bundle.ui-testing";
		};
/* End PBXNativeTarget section */

/* Begin PBXProject section */
		F2A023881C2DC85C002634D1 /* Project object */ = {
			isa = PBXProject;
			attributes = {
				LastSwiftUpdateCheck = 0720;
				LastUpgradeCheck = 0720;
				ORGANIZATIONNAME = foobar;
				TargetAttributes = {
					F2A0238F1C2DC85C002634D1 = {
						CreatedOnToolsVersion = 7.2;
					};
					F2A023A31C2DC85C002634D1 = {
						CreatedOnToolsVersion = 7.2;
						TestTargetID = F2A0238F1C2DC85C002634D1;
					};
					F2A023AE1C2DC85C002634D1 = {
						CreatedOnToolsVersion = 7.2;
						TestTargetID = F2A0238F1C2DC85C002634D1;
					};
				};
			};
			buildConfigurationList = F2A0238B1C2DC85C002634D1 /* Build configuration list for PBXProject "RetroCalculator" */;
			compatibilityVersion = "Xcode 3.2";
			developmentRegion = English;
			hasScannedForEncodings = 0;
			knownRegions = (
				en,
				Base,
			);
			mainGroup = F2A023871C2DC85C002634D1;
			productRefGroup = F2A023911C2DC85C002634D1 /* Products */;
			projectDirPath = "";
			projectRoot = "";
			targets = (
				F2A0238F1C2DC85C002634D1 /* RetroCalculator */,
				F2A023A31C2DC85C002634D1 /* RetroCalculatorTests */,
				F2A023AE1C2DC85C002634D1 /* RetroCalculatorUITests */,
			);
		};
/* End PBXProject section */

/* Begin PBXResourcesBuildPhase section */
		F2A0238E1C2DC85C002634D1 /* Resources */ = {
			isa = PBXResourcesBuildPhase;
			buildActionMask = 2147483647;
			files = (
				F2A0239E1C2DC85C002634D1 /* LaunchScreen.storyboard in Resources */,
				F2A0239B1C2DC85C002634D1 /* Assets.xcassets in Resources */,
				F2A023991C2DC85C002634D1 /* Main.storyboard in Resources */,
			);
			runOnlyForDeploymentPostprocessing = 0;
		};
		F2A023A21C2DC85C002634D1 /* Resources */ = {
			isa = PBXResourcesBuildPhase;
			buildActionMask = 2147483647;
			files = (
			);
			runOnlyForDeploymentPostprocessing = 0;
		};
		F2A023AD1C2DC85C002634D1 /* Resources */ = {
			isa = PBXResourcesBuildPhase;
			buildActionMask = 2147483647;
			files = (
			);
			runOnlyForDeploymentPostprocessing = 0;
		};
/* End PBXResourcesBuildPhase section */

/* Begin PBXSourcesBuildPhase section */
		F2A0238C1C2DC85C002634D1 /* Sources */ = {
			isa = PBXSourcesBuildPhase;
			buildActionMask = 2147483647;
			files = (
				F2A023961C2DC85C002634D1 /* ViewController.swift in Sources */,
				F2A023941C2DC85C002634D1 /* AppDelegate.swift in Sources */,
			);
			runOnlyForDeploymentPostprocessing = 0;
		};
		F2A023A01C2DC85C002634D1 /* Sources */ = {
			isa = PBXSourcesBuildPhase;
			buildActionMask = 2147483647;
			files = (
				F2A023A91C2DC85C002634D1 /* RetroCalculatorTests.swift in Sources */,
			);
			runOnlyForDeploymentPostprocessing = 0;
		};
		F2A023AB1C2DC85C002634D1 /* Sources */ = {
			isa = PBXSourcesBuildPhase;
			buildActionMask = 2147483647;
			files = (
				F2A023B41C2DC85C002634D1 /* RetroCalculatorUITests.swift in Sources */,
			);
			runOnlyForDeploymentPostprocessing = 0;
		};
/* End PBXSourcesBuildPhase section */

/* Begin PBXTargetDependency section */
		F2A023A61C2DC85C002634D1 /* PBXTargetDependency */ = {
			isa = PBXTargetDependency;
			target = F2A0238F1C2DC85C002634D1 /* RetroCalculator */;
			targetProxy = F2A023A51C2DC85C002634D1 /* PBXContainerItemProxy */;
		};
		F2A023B11C2DC85C002634D1 /* PBXTargetDependency */ = {
			isa = PBXTargetDependency;
			target = F2A0238F1C2DC85C002634D1 /* RetroCalculator */;
			targetProxy = F2A023B01C2DC85C002634D1 /* PBXContainerItemProxy */;
		};
/* End PBXTargetDependency section */

/* Begin PBXVariantGroup section */
		F2A023971C2DC85C002634D1 /* Main.storyboard */ = {
			isa = PBXVariantGroup;
			children = (
				F2A023981C2DC85C002634D1 /* Base */,
			);
			name = Main.storyboard;
			sourceTree = "<group>";
		};
		F2A0239C1C2DC85C002634D1 /* LaunchScreen.storyboard */ = {
			isa = PBXVariantGroup;
			children = (
				F2A0239D1C2DC85C002634D1 /* Base */,
			);
			name = LaunchScreen.storyboard;
			sourceTree = "<group>";
		};
/* End PBXVariantGroup section */

/* Begin XCBuildConfiguration section */
		F2A023B61C2DC85C002634D1 /* Debug */ = {
			isa = XCBuildConfiguration;
			buildSettings = {
				ALWAYS_SEARCH_USER_PATHS = NO;
				CLANG_CXX_LANGUAGE_STANDARD = "gnu++0x";
				CLANG_CXX_LIBRARY = "libc++";
				CLANG_ENABLE_MODULES = YES;
				CLANG_ENABLE_OBJC_ARC = YES;
				CLANG_WARN_BOOL_CONVERSION = YES;
				CLANG_WARN_CONSTANT_CONVERSION = YES;
				CLANG_WARN_DIRECT_OBJC_ISA_USAGE = YES_ERROR;
				CLANG_WARN_EMPTY_BODY = YES;
				CLANG_WARN_ENUM_CONVERSION = YES;
				CLANG_WARN_INT_CONVERSION = YES;
				CLANG_WARN_OBJC_ROOT_CLASS = YES_ERROR;
				CLANG_WARN_UNREACHABLE_CODE = YES;
				CLANG_WARN__DUPLICATE_METHOD_MATCH = YES;
				"CODE_SIGN_IDENTITY[sdk=iphoneos*]" = "iPhone Developer";
				COPY_PHASE_STRIP = NO;
				DEBUG_INFORMATION_FORMAT = dwarf;
				ENABLE_STRICT_OBJC_MSGSEND = YES;
				ENABLE_TESTABILITY = YES;
				GCC_C_LANGUAGE_STANDARD = gnu99;
				GCC_DYNAMIC_NO_PIC = NO;
				GCC_NO_COMMON_BLOCKS = YES;
				GCC_OPTIMIZATION_LEVEL = 0;
				GCC_PREPROCESSOR_DEFINITIONS = (
					"DEBUG=1",
					"$(inherited)",
				);
				GCC_WARN_64_TO_32_BIT_CONVERSION = YES;
				GCC_WARN_ABOUT_RETURN_TYPE = YES_ERROR;
				GCC_WARN_UNDECLARED_SELECTOR = YES;
				GCC_WARN_UNINITIALIZED_AUTOS = YES_AGGRESSIVE;
				GCC_WARN_UNUSED_FUNCTION = YES;
				GCC_WARN_UNUSED_VARIABLE = YES;
				IPHONEOS_DEPLOYMENT_TARGET = 9.2;
				MTL_ENABLE_DEBUG_INFO = YES;
				ONLY_ACTIVE_ARCH = YES;
				SDKROOT = iphoneos;
				SWIFT_OPTIMIZATION_LEVEL = "-Onone";
			};
			name = Debug;
		};
		F2A023B71C2DC85C002634D1 /* Release */ = {
			isa = XCBuildConfiguration;
			buildSettings = {
				ALWAYS_SEARCH_USER_PATHS = NO;
				CLANG_CXX_LANGUAGE_STANDARD = "gnu++0x";
				CLANG_CXX_LIBRARY = "libc++";
				CLANG_ENABLE_MODULES = YES;
				CLANG_ENABLE_OBJC_ARC = YES;
				CLANG_WARN_BOOL_CONVERSION = YES;
				CLANG_WARN_CONSTANT_CONVERSION = YES;
				CLANG_WARN_DIRECT_OBJC_ISA_USAGE = YES_ERROR;
				CLANG_WARN_EMPTY_BODY = YES;
				CLANG_WARN_ENUM_CONVERSION = YES;
				CLANG_WARN_INT_CONVERSION = YES;
				CLANG_WARN_OBJC_ROOT_CLASS = YES_ERROR;
				CLANG_WARN_UNREACHABLE_CODE = YES;
				CLANG_WARN__DUPLICATE_METHOD_MATCH = YES;
				"CODE_SIGN_IDENTITY[sdk=iphoneos*]" = "iPhone Developer";
				COPY_PHASE_STRIP = NO;
				DEBUG_INFORMATION_FORMAT = "dwarf-with-dsym";
				ENABLE_NS_ASSERTIONS = NO;
				ENABLE_STRICT_OBJC_MSGSEND = YES;
				GCC_C_LANGUAGE_STANDARD = gnu99;
				GCC_NO_COMMON_BLOCKS = YES;
				GCC_WARN_64_TO_32_BIT_CONVERSION = YES;
				GCC_WARN_ABOUT_RETURN_TYPE = YES_ERROR;
				GCC_WARN_UNDECLARED_SELECTOR = YES;
				GCC_WARN_UNINITIALIZED_AUTOS = YES_AGGRESSIVE;
				GCC_WARN_UNUSED_FUNCTION = YES;
				GCC_WARN_UNUSED_VARIABLE = YES;
				IPHONEOS_DEPLOYMENT_TARGET = 9.2;
				MTL_ENABLE_DEBUG_INFO = NO;
				SDKROOT = iphoneos;
				VALIDATE_PRODUCT = YES;
			};
			name = Release;
		};
		F2A023B91C2DC85C002634D1 /* Debug */ = {
			isa = XCBuildConfiguration;
			buildSettings = {
				ASSETCATALOG_COMPILER_APPICON_NAME = AppIcon;
				INFOPLIST_FILE = RetroCalculator/Info.plist;
				LD_RUNPATH_SEARCH_PATHS = "$(inherited) @executable_path/Frameworks";
				PRODUCT_BUNDLE_IDENTIFIER = com.foobar.RetroCalculator;
				PRODUCT_NAME = "$(TARGET_NAME)";
			};
			name = Debug;
		};
		F2A023BA1C2DC85C002634D1 /* Release */ = {
			isa = XCBuildConfiguration;
			buildSettings = {
				ASSETCATALOG_COMPILER_APPICON_NAME = AppIcon;
				INFOPLIST_FILE = RetroCalculator/Info.plist;
				LD_RUNPATH_SEARCH_PATHS = "$(inherited) @executable_path/Frameworks";
				PRODUCT_BUNDLE_IDENTIFIER = com.foobar.RetroCalculator;
				PRODUCT_NAME = "$(TARGET_NAME)";
			};
			name = Release;
		};
		F2A023BC1C2DC85C002634D1 /* Debug */ = {
			isa = XCBuildConfiguration;
			buildSettings = {
				BUNDLE_LOADER = "$(TEST_HOST)";
				INFOPLIST_FILE = RetroCalculatorTests/Info.plist;
				LD_RUNPATH_SEARCH_PATHS = "$(inherited) @executable_path/Frameworks @loader_path/Frameworks";
				PRODUCT_BUNDLE_IDENTIFIER = com.foobar.RetroCalculatorTests;
				PRODUCT_NAME = "$(TARGET_NAME)";
				TEST_HOST = "$(BUILT_PRODUCTS_DIR)/RetroCalculator.app/RetroCalculator";
			};
			name = Debug;
		};
		F2A023BD1C2DC85C002634D1 /* Release */ = {
			isa = XCBuildConfiguration;
			buildSettings = {
				BUNDLE_LOADER = "$(TEST_HOST)";
				INFOPLIST_FILE = RetroCalculatorTests/Info.plist;
				LD_RUNPATH_SEARCH_PATHS = "$(inherited) @executable_path/Frameworks @loader_path/Frameworks";
				PRODUCT_BUNDLE_IDENTIFIER = com.foobar.RetroCalculatorTests;
				PRODUCT_NAME = "$(TARGET_NAME)";
				TEST_HOST = "$(BUILT_PRODUCTS_DIR)/RetroCalculator.app/RetroCalculator";
			};
			name = Release;
		};
		F2A023BF1C2DC85C002634D1 /* Debug */ = {
			isa = XCBuildConfiguration;
			buildSettings = {
				INFOPLIST_FILE = RetroCalculatorUITests/Info.plist;
				LD_RUNPATH_SEARCH_PATHS = "$(inherited) @executable_path/Frameworks @loader_path/Frameworks";
				PRODUCT_BUNDLE_IDENTIFIER = com.foobar.RetroCalculatorUITests;
				PRODUCT_NAME = "$(TARGET_NAME)";
				TEST_TARGET_NAME = RetroCalculator;
				USES_XCTRUNNER = YES;
			};
			name = Debug;
		};
		F2A023C01C2DC85C002634D1 /* Release */ = {
			isa = XCBuildConfiguration;
			buildSettings = {
				INFOPLIST_FILE = RetroCalculatorUITests/Info.plist;
				LD_RUNPATH_SEARCH_PATHS = "$(inherited) @executable_path/Frameworks @loader_path/Frameworks";
				PRODUCT_BUNDLE_IDENTIFIER = com.foobar.RetroCalculatorUITests;
				PRODUCT_NAME = "$(TARGET_NAME)";
				TEST_TARGET_NAME = RetroCalculator;
				USES_XCTRUNNER = YES;
			};
			name = Release;
		};
/* End XCBuildConfiguration section */

/* Begin XCConfigurationList section */
		F2A0238B1C2DC85C002634D1 /* Build configuration list for PBXProject "RetroCalculator" */ = {
			isa = XCConfigurationList;
			buildConfigurations = (
				F2A023B61C2DC85C002634D1 /* Debug */,
				F2A023B71C2DC85C002634D1 /* Release */,
			);
			defaultConfigurationIsVisible = 0;
			defaultConfigurationName = Release;
		};
		F2A023B81C2DC85C002634D1 /* Build configuration list for PBXNativeTarget "RetroCalculator" */ = {
			isa = XCConfigurationList;
			buildConfigurations = (
				F2A023B91C2DC85C002634D1 /* Debug */,
				F2A023BA1C2DC85C002634D1 /* Release */,
			);
			defaultConfigurationIsVisible = 0;
		};
		F2A023BB1C2DC85C002634D1 /* Build configuration list for PBXNativeTarget "RetroCalculatorTests" */ = {
			isa = XCConfigurationList;
			buildConfigurations = (
				F2A023BC1C2DC85C002634D1 /* Debug */,
				F2A023BD1C2DC85C002634D1 /* Release */,
			);
			defaultConfigurationIsVisible = 0;
		};
		F2A023BE1C2DC85C002634D1 /* Build configuration list for PBXNativeTarget "RetroCalculatorUITests" */ = {
			isa = XCConfigurationList;
			buildConfigurations = (
				F2A023BF1C2DC85C002634D1 /* Debug */,
				F2A023C01C2DC85C002634D1 /* Release */,
			);
			defaultConfigurationIsVisible = 0;
		};
/* End XCConfigurationList section */
	};
	rootObject = F2A023881C2DC85C002634D1 /* Project object */;
}
